
Microsoft Visual Studio Solution File, Format Version 12.00
# Visual Studio Version 16
VisualStudioVersion = 16.0.31911.196
MinimumVisualStudioVersion = 10.0.40219.1
Project("{FAE04EC0-301F-11D3-BF4B-00C04F79EFBC}") = "AdventOfCode2021", "AdventOfCode2021.csproj", "{4153795D-AAAD-4103-9B8C-6631662409F3}"
EndProject
Global
	GlobalSection(SolutionConfigurationPlatforms) = preSolution
		Debug|Any CPU = Debug|Any CPU
		Release|Any CPU = Release|Any CPU
	EndGlobalSection
	GlobalSection(ProjectConfigurationPlatforms) = postSolution
		{4153795D-AAAD-4103-9B8C-6631662409F3}.Debug|Any CPU.ActiveCfg = Debug|Any CPU
		{4153795D-AAAD-4103-9B8C-6631662409F3}.Debug|Any CPU.Build.0 = Debug|Any CPU
		{4153795D-AAAD-4103-9B8C-6631662409F3}.Release|Any CPU.ActiveCfg = Release|Any CPU
		{4153795D-AAAD-4103-9B8C-6631662409F3}.Release|Any CPU.Build.0 = Release|Any CPU
	EndGlobalSection
	GlobalSection(SolutionProperties) = preSolution
		HideSolutionNode = FALSE
	EndGlobalSection
	GlobalSection(ExtensibilityGlobals) = postSolution
		SolutionGuid = {D8115CBB-CB66-49DC-9D3A-C91BD962AACA}
	EndGlobalSection
EndGlobal
